// !$*UTF8*$!
{
	archiveVersion = 1;
	classes = {
	};
	objectVersion = 46;
	objects = {

/* Begin PBXBuildFile section */
		EF7E62421C3E4E660092742F /* AppDelegate.swift in Sources */ = {isa = PBXBuildFile; fileRef = EF7E62411C3E4E660092742F /* AppDelegate.swift */; };
		EF7E62441C3E4E660092742F /* ViewController.swift in Sources */ = {isa = PBXBuildFile; fileRef = EF7E62431C3E4E660092742F /* ViewController.swift */; };
		EF7E62471C3E4E660092742F /* Main.storyboard in Resources */ = {isa = PBXBuildFile; fileRef = EF7E62451C3E4E660092742F /* Main.storyboard */; };
		EF7E62491C3E4E660092742F /* Assets.xcassets in Resources */ = {isa = PBXBuildFile; fileRef = EF7E62481C3E4E660092742F /* Assets.xcassets */; };
		EF7E624C1C3E4E660092742F /* LaunchScreen.storyboard in Resources */ = {isa = PBXBuildFile; fileRef = EF7E624A1C3E4E660092742F /* LaunchScreen.storyboard */; };
		EF7E62591C3E4F760092742F /* Objective-C.m in Sources */ = {isa = PBXBuildFile; fileRef = EF7E62581C3E4F760092742F /* Objective-C.m */; };
		EF7E625B1C3E50A60092742F /* SystemConfiguration.framework in Frameworks */ = {isa = PBXBuildFile; fileRef = EF7E625A1C3E50A60092742F /* SystemConfiguration.framework */; };
		EF7E625D1C3E50B10092742F /* libsqlite3.0.tbd in Frameworks */ = {isa = PBXBuildFile; fileRef = EF7E625C1C3E50B10092742F /* libsqlite3.0.tbd */; };
		EF7E625E1C3E50C50092742F /* AdobeMobileLibrary.a in Frameworks */ = {isa = PBXBuildFile; fileRef = EF7E62561C3E4F1C0092742F /* AdobeMobileLibrary.a */; };
		EF7E625F1C3E519F0092742F /* ADBMobileConfig.json in Resources */ = {isa = PBXBuildFile; fileRef = EF7E62551C3E4F1C0092742F /* ADBMobileConfig.json */; };
/* End PBXBuildFile section */

/* Begin PBXFileReference section */
		EF7E623E1C3E4E660092742F /* AppMeasurement Demo in Swift.app */ = {isa = PBXFileReference; explicitFileType = wrapper.application; includeInIndex = 0; path = "AppMeasurement Demo in Swift.app"; sourceTree = BUILT_PRODUCTS_DIR; };
		EF7E62411C3E4E660092742F /* AppDelegate.swift */ = {isa = PBXFileReference; lastKnownFileType = sourcecode.swift; path = AppDelegate.swift; sourceTree = "<group>"; };
		EF7E62431C3E4E660092742F /* ViewController.swift */ = {isa = PBXFileReference; lastKnownFileType = sourcecode.swift; path = ViewController.swift; sourceTree = "<group>"; };
		EF7E62461C3E4E660092742F /* Base */ = {isa = PBXFileReference; lastKnownFileType = file.storyboard; name = Base; path = Base.lproj/Main.storyboard; sourceTree = "<group>"; };
		EF7E62481C3E4E660092742F /* Assets.xcassets */ = {isa = PBXFileReference; lastKnownFileType = folder.assetcatalog; path = Assets.xcassets; sourceTree = "<group>"; };
		EF7E624B1C3E4E660092742F /* Base */ = {isa = PBXFileReference; lastKnownFileType = file.storyboard; name = Base; path = Base.lproj/LaunchScreen.storyboard; sourceTree = "<group>"; };
		EF7E624D1C3E4E660092742F /* Info.plist */ = {isa = PBXFileReference; lastKnownFileType = text.plist.xml; path = Info.plist; sourceTree = "<group>"; };
		EF7E62541C3E4F1C0092742F /* ADBMobile.h */ = {isa = PBXFileReference; lastKnownFileType = sourcecode.c.h; path = ADBMobile.h; sourceTree = "<group>"; };
		EF7E62551C3E4F1C0092742F /* ADBMobileConfig.json */ = {isa = PBXFileReference; lastKnownFileType = text.json; path = ADBMobileConfig.json; sourceTree = "<group>"; };
		EF7E62561C3E4F1C0092742F /* AdobeMobileLibrary.a */ = {isa = PBXFileReference; lastKnownFileType = archive.ar; path = AdobeMobileLibrary.a; sourceTree = "<group>"; };
		EF7E62571C3E4F750092742F /* Swift-Bridging-Header.h */ = {isa = PBXFileReference; lastKnownFileType = sourcecode.c.h; path = "Swift-Bridging-Header.h"; sourceTree = "<group>"; };
		EF7E62581C3E4F760092742F /* Objective-C.m */ = {isa = PBXFileReference; fileEncoding = 4; lastKnownFileType = sourcecode.c.objc; path = "Objective-C.m"; sourceTree = "<group>"; };
		EF7E625A1C3E50A60092742F /* SystemConfiguration.framework */ = {isa = PBXFileReference; lastKnownFileType = wrapper.framework; name = SystemConfiguration.framework; path = System/Library/Frameworks/SystemConfiguration.framework; sourceTree = SDKROOT; };
		EF7E625C1C3E50B10092742F /* libsqlite3.0.tbd */ = {isa = PBXFileReference; lastKnownFileType = "sourcecode.text-based-dylib-definition"; name = libsqlite3.0.tbd; path = usr/lib/libsqlite3.0.tbd; sourceTree = SDKROOT; };
/* End PBXFileReference section */

/* Begin PBXFrameworksBuildPhase section */
		EF7E623B1C3E4E660092742F /* Frameworks */ = {
			isa = PBXFrameworksBuildPhase;
			buildActionMask = 2147483647;
			files = (
				EF7E625E1C3E50C50092742F /* AdobeMobileLibrary.a in Frameworks */,
				EF7E625D1C3E50B10092742F /* libsqlite3.0.tbd in Frameworks */,
				EF7E625B1C3E50A60092742F /* SystemConfiguration.framework in Frameworks */,
			);
			runOnlyForDeploymentPostprocessing = 0;
		};
/* End PBXFrameworksBuildPhase section */

/* Begin PBXGroup section */
		EF7E62351C3E4E660092742F = {
			isa = PBXGroup;
			children = (
				EF7E62401C3E4E660092742F /* Demo App Main */,
				EF7E625C1C3E50B10092742F /* libsqlite3.0.tbd */,
				EF7E62581C3E4F760092742F /* Objective-C.m */,
				EF7E62571C3E4F750092742F /* Swift-Bridging-Header.h */,
				EF7E625A1C3E50A60092742F /* SystemConfiguration.framework */,
				EF7E62531C3E4EE40092742F /* AdobeMobileLibrary */,
				EF7E623F1C3E4E660092742F /* Products */,
			);
			sourceTree = "<group>";
		};
		EF7E623F1C3E4E660092742F /* Products */ = {
			isa = PBXGroup;
			children = (
				EF7E623E1C3E4E660092742F /* AppMeasurement Demo in Swift.app */,
			);
			name = Products;
			sourceTree = "<group>";
		};
		EF7E62401C3E4E660092742F /* Demo App Main */ = {
			isa = PBXGroup;
			children = (
				EF7E62411C3E4E660092742F /* AppDelegate.swift */,
				EF7E62431C3E4E660092742F /* ViewController.swift */,
				EF7E62451C3E4E660092742F /* Main.storyboard */,
				EF7E62481C3E4E660092742F /* Assets.xcassets */,
				EF7E624A1C3E4E660092742F /* LaunchScreen.storyboard */,
				EF7E624D1C3E4E660092742F /* Info.plist */,
			);
			name = "Demo App Main";
			path = "AppMeasurement Demo in Swift";
			sourceTree = "<group>";
		};
		EF7E62531C3E4EE40092742F /* AdobeMobileLibrary */ = {
			isa = PBXGroup;
			children = (
				EF7E62541C3E4F1C0092742F /* ADBMobile.h */,
				EF7E62551C3E4F1C0092742F /* ADBMobileConfig.json */,
				EF7E62561C3E4F1C0092742F /* AdobeMobileLibrary.a */,
			);
			name = AdobeMobileLibrary;
			sourceTree = "<group>";
		};
/* End PBXGroup section */

/* Begin PBXNativeTarget section */
		EF7E623D1C3E4E660092742F /* AppMeasurement Demo in Swift */ = {
			isa = PBXNativeTarget;
			buildConfigurationList = EF7E62501C3E4E660092742F /* Build configuration list for PBXNativeTarget "AppMeasurement Demo in Swift" */;
			buildPhases = (
				EF7E623A1C3E4E660092742F /* Sources */,
				EF7E623B1C3E4E660092742F /* Frameworks */,
				EF7E623C1C3E4E660092742F /* Resources */,
			);
			buildRules = (
			);
			dependencies = (
			);
			name = "AppMeasurement Demo in Swift";
			productName = "AppMeasurement Demo in Swift";
			productReference = EF7E623E1C3E4E660092742F /* AppMeasurement Demo in Swift.app */;
			productType = "com.apple.product-type.application";
		};
/* End PBXNativeTarget section */

/* Begin PBXProject section */
		EF7E62361C3E4E660092742F /* Project object */ = {
			isa = PBXProject;
			attributes = {
				LastSwiftUpdateCheck = 0720;
				LastUpgradeCheck = 0720;
				ORGANIZATIONNAME = app.test;
				TargetAttributes = {
					EF7E623D1C3E4E660092742F = {
						CreatedOnToolsVersion = 7.2;
						DevelopmentTeam = YB33F82G94;
					};
				};
			};
			buildConfigurationList = EF7E62391C3E4E660092742F /* Build configuration list for PBXProject "AppMeasurement Demo in Swift" */;
			compatibilityVersion = "Xcode 3.2";
			developmentRegion = English;
			hasScannedForEncodings = 0;
			knownRegions = (
				en,
				Base,
			);
			mainGroup = EF7E62351C3E4E660092742F;
			productRefGroup = EF7E623F1C3E4E660092742F /* Products */;
			projectDirPath = "";
			projectRoot = "";
			targets = (
				EF7E623D1C3E4E660092742F /* AppMeasurement Demo in Swift */,
			);
		};
/* End PBXProject section */

/* Begin PBXResourcesBuildPhase section */
		EF7E623C1C3E4E660092742F /* Resources */ = {
			isa = PBXResourcesBuildPhase;
			buildActionMask = 2147483647;
			files = (
				EF7E624C1C3E4E660092742F /* LaunchScreen.storyboard in Resources */,
				EF7E625F1C3E519F0092742F /* ADBMobileConfig.json in Resources */,
				EF7E62491C3E4E660092742F /* Assets.xcassets in Resources */,
				EF7E62471C3E4E660092742F /* Main.storyboard in Resources */,
			);
			runOnlyForDeploymentPostprocessing = 0;
		};
/* End PBXResourcesBuildPhase section */

/* Begin PBXSourcesBuildPhase section */
		EF7E623A1C3E4E660092742F /* Sources */ = {
			isa = PBXSourcesBuildPhase;
			buildActionMask = 2147483647;
			files = (
				EF7E62441C3E4E660092742F /* ViewController.swift in Sources */,
				EF7E62591C3E4F760092742F /* Objective-C.m in Sources */,
				EF7E62421C3E4E660092742F /* AppDelegate.swift in Sources */,
			);
			runOnlyForDeploymentPostprocessing = 0;
		};
/* End PBXSourcesBuildPhase section */

/* Begin PBXVariantGroup section */
		EF7E62451C3E4E660092742F /* Main.storyboard */ = {
			isa = PBXVariantGroup;
			children = (
				EF7E62461C3E4E660092742F /* Base */,
			);
			name = Main.storyboard;
			sourceTree = "<group>";
		};
		EF7E624A1C3E4E660092742F /* LaunchScreen.storyboard */ = {
			isa = PBXVariantGroup;
			children = (
				EF7E624B1C3E4E660092742F /* Base */,
			);
			name = LaunchScreen.storyboard;
			sourceTree = "<group>";
		};
/* End PBXVariantGroup section */

/* Begin XCBuildConfiguration section */
		EF7E624E1C3E4E660092742F /* Debug */ = {
			isa = XCBuildConfiguration;
			buildSettings = {
				ALWAYS_SEARCH_USER_PATHS = NO;
				CLANG_CXX_LANGUAGE_STANDARD = "gnu++0x";
				CLANG_CXX_LIBRARY = "libc++";
				CLANG_ENABLE_MODULES = YES;
				CLANG_ENABLE_OBJC_ARC = YES;
				CLANG_WARN_BOOL_CONVERSION = YES;
				CLANG_WARN_CONSTANT_CONVERSION = YES;
				CLANG_WARN_DIRECT_OBJC_ISA_USAGE = YES_ERROR;
				CLANG_WARN_EMPTY_BODY = YES;
				CLANG_WARN_ENUM_CONVERSION = YES;
				CLANG_WARN_INT_CONVERSION = YES;
				CLANG_WARN_OBJC_ROOT_CLASS = YES_ERROR;
				CLANG_WARN_UNREACHABLE_CODE = YES;
				CLANG_WARN__DUPLICATE_METHOD_MATCH = YES;
				"CODE_SIGN_IDENTITY[sdk=iphoneos*]" = "iPhone Developer";
				COPY_PHASE_STRIP = NO;
				DEBUG_INFORMATION_FORMAT = dwarf;
				ENABLE_STRICT_OBJC_MSGSEND = YES;
				ENABLE_TESTABILITY = YES;
				GCC_C_LANGUAGE_STANDARD = gnu99;
				GCC_DYNAMIC_NO_PIC = NO;
				GCC_NO_COMMON_BLOCKS = YES;
				GCC_OPTIMIZATION_LEVEL = 0;
				GCC_PREPROCESSOR_DEFINITIONS = (
					"DEBUG=1",
					"$(inherited)",
				);
				GCC_WARN_64_TO_32_BIT_CONVERSION = YES;
				GCC_WARN_ABOUT_RETURN_TYPE = YES_ERROR;
				GCC_WARN_UNDECLARED_SELECTOR = YES;
				GCC_WARN_UNINITIALIZED_AUTOS = YES_AGGRESSIVE;
				GCC_WARN_UNUSED_FUNCTION = YES;
				GCC_WARN_UNUSED_VARIABLE = YES;
				IPHONEOS_DEPLOYMENT_TARGET = 9.2;
				MTL_ENABLE_DEBUG_INFO = YES;
				ONLY_ACTIVE_ARCH = YES;
				SDKROOT = iphoneos;
				SWIFT_OPTIMIZATION_LEVEL = "-Onone";
			};
			name = Debug;
		};
		EF7E624F1C3E4E660092742F /* Release */ = {
			isa = XCBuildConfiguration;
			buildSettings = {
				ALWAYS_SEARCH_USER_PATHS = NO;
				CLANG_CXX_LANGUAGE_STANDARD = "gnu++0x";
				CLANG_CXX_LIBRARY = "libc++";
				CLANG_ENABLE_MODULES = YES;
				CLANG_ENABLE_OBJC_ARC = YES;
				CLANG_WARN_BOOL_CONVERSION = YES;
				CLANG_WARN_CONSTANT_CONVERSION = YES;
				CLANG_WARN_DIRECT_OBJC_ISA_USAGE = YES_ERROR;
				CLANG_WARN_EMPTY_BODY = YES;
				CLANG_WARN_ENUM_CONVERSION = YES;
				CLANG_WARN_INT_CONVERSION = YES;
				CLANG_WARN_OBJC_ROOT_CLASS = YES_ERROR;
				CLANG_WARN_UNREACHABLE_CODE = YES;
				CLANG_WARN__DUPLICATE_METHOD_MATCH = YES;
				"CODE_SIGN_IDENTITY[sdk=iphoneos*]" = "iPhone Developer";
				COPY_PHASE_STRIP = NO;
				DEBUG_INFORMATION_FORMAT = "dwarf-with-dsym";
				ENABLE_NS_ASSERTIONS = NO;
				ENABLE_STRICT_OBJC_MSGSEND = YES;
				GCC_C_LANGUAGE_STANDARD = gnu99;
				GCC_NO_COMMON_BLOCKS = YES;
				GCC_WARN_64_TO_32_BIT_CONVERSION = YES;
				GCC_WARN_ABOUT_RETURN_TYPE = YES_ERROR;
				GCC_WARN_UNDECLARED_SELECTOR = YES;
				GCC_WARN_UNINITIALIZED_AUTOS = YES_AGGRESSIVE;
				GCC_WARN_UNUSED_FUNCTION = YES;
				GCC_WARN_UNUSED_VARIABLE = YES;
				IPHONEOS_DEPLOYMENT_TARGET = 9.2;
				MTL_ENABLE_DEBUG_INFO = NO;
				SDKROOT = iphoneos;
				VALIDATE_PRODUCT = YES;
			};
			name = Release;
		};
		EF7E62511C3E4E660092742F /* Debug */ = {
			isa = XCBuildConfiguration;
			buildSettings = {
				ASSETCATALOG_COMPILER_APPICON_NAME = AppIcon;
				CLANG_ENABLE_MODULES = YES;
				INFOPLIST_FILE = "AppMeasurement Demo in Swift/Info.plist";
				LD_RUNPATH_SEARCH_PATHS = "$(inherited) @executable_path/Frameworks";
				LIBRARY_SEARCH_PATHS = (
					"$(inherited)",
					"$(PROJECT_DIR)",
				);
				PRODUCT_BUNDLE_IDENTIFIER = "app.test.AppMeasurement-Demo-in-Swift";
				PRODUCT_NAME = "$(TARGET_NAME)";
				SWIFT_OBJC_BRIDGING_HEADER = "Swift-Bridging-Header.h";
				SWIFT_OPTIMIZATION_LEVEL = "-Onone";
			};
			name = Debug;
		};
		EF7E62521C3E4E660092742F /* Release */ = {
			isa = XCBuildConfiguration;
			buildSettings = {
				ASSETCATALOG_COMPILER_APPICON_NAME = AppIcon;
				CLANG_ENABLE_MODULES = YES;
				INFOPLIST_FILE = "AppMeasurement Demo in Swift/Info.plist";
				LD_RUNPATH_SEARCH_PATHS = "$(inherited) @executable_path/Frameworks";
				LIBRARY_SEARCH_PATHS = (
					"$(inherited)",
					"$(PROJECT_DIR)",
				);
				PRODUCT_BUNDLE_IDENTIFIER = "app.test.AppMeasurement-Demo-in-Swift";
				PRODUCT_NAME = "$(TARGET_NAME)";
				SWIFT_OBJC_BRIDGING_HEADER = "Swift-Bridging-Header.h";
			};
			name = Release;
		};
/* End XCBuildConfiguration section */

/* Begin XCConfigurationList section */
		EF7E62391C3E4E660092742F /* Build configuration list for PBXProject "AppMeasurement Demo in Swift" */ = {
			isa = XCConfigurationList;
			buildConfigurations = (
				EF7E624E1C3E4E660092742F /* Debug */,
				EF7E624F1C3E4E660092742F /* Release */,
			);
			defaultConfigurationIsVisible = 0;
			defaultConfigurationName = Release;
		};
		EF7E62501C3E4E660092742F /* Build configuration list for PBXNativeTarget "AppMeasurement Demo in Swift" */ = {
			isa = XCConfigurationList;
			buildConfigurations = (
				EF7E62511C3E4E660092742F /* Debug */,
				EF7E62521C3E4E660092742F /* Release */,
			);
			defaultConfigurationIsVisible = 0;
		};
/* End XCConfigurationList section */
	};
	rootObject = EF7E62361C3E4E660092742F /* Project object */;
}
